// !$*UTF8*$!
{
	archiveVersion = 1;
	classes = {
	};
	objectVersion = 50;
	objects = {

/* Begin PBXBuildFile section */
		776119541C88F69247AD8E1A /* Pods_SwiftProjectsTests.framework in Frameworks */ = {isa = PBXBuildFile; fileRef = 005AA3CCABA4C6A8262AE629 /* Pods_SwiftProjectsTests.framework */; };
		96044EC92142604300F29398 /* MovieTableViewController.swift in Sources */ = {isa = PBXBuildFile; fileRef = 96044EC82142604300F29398 /* MovieTableViewController.swift */; };
		96044ECE2142623D00F29398 /* MovieCell.swift in Sources */ = {isa = PBXBuildFile; fileRef = 96044ECC2142623D00F29398 /* MovieCell.swift */; };
		96044ECF2142623D00F29398 /* MovieCell.xib in Resources */ = {isa = PBXBuildFile; fileRef = 96044ECD2142623D00F29398 /* MovieCell.xib */; };
		96044ED1214267B900F29398 /* Movie.swift in Sources */ = {isa = PBXBuildFile; fileRef = 96044ED0214267B800F29398 /* Movie.swift */; };
		96044ED3214275B000F29398 /* MovieViewModel.swift in Sources */ = {isa = PBXBuildFile; fileRef = 96044ED2214275B000F29398 /* MovieViewModel.swift */; };
		960500722159EB8D004A32A1 /* ShortVideoViewController.swift in Sources */ = {isa = PBXBuildFile; fileRef = 960500712159EB8D004A32A1 /* ShortVideoViewController.swift */; };
		9605C5C82101BF68004BD566 /* Assets.xcassets in Resources */ = {isa = PBXBuildFile; fileRef = 9605C5C72101BF68004BD566 /* Assets.xcassets */; };
		9605C5CB2101BF68004BD566 /* LaunchScreen.storyboard in Resources */ = {isa = PBXBuildFile; fileRef = 9605C5C92101BF68004BD566 /* LaunchScreen.storyboard */; };
		9605C5D62101BF68004BD566 /* SwiftProjectsTests.swift in Sources */ = {isa = PBXBuildFile; fileRef = 9605C5D52101BF68004BD566 /* SwiftProjectsTests.swift */; };
		9605C5F72101E189004BD566 /* HomeViewController.swift in Sources */ = {isa = PBXBuildFile; fileRef = 9605C5F62101E189004BD566 /* HomeViewController.swift */; };
		9605C5F92101E18F004BD566 /* SecondViewController.swift in Sources */ = {isa = PBXBuildFile; fileRef = 9605C5F82101E18F004BD566 /* SecondViewController.swift */; };
		9605C5FB2101E196004BD566 /* ThirdViewController.swift in Sources */ = {isa = PBXBuildFile; fileRef = 9605C5FA2101E196004BD566 /* ThirdViewController.swift */; };
		9605C5FD2101E19D004BD566 /* FourViewController.swift in Sources */ = {isa = PBXBuildFile; fileRef = 9605C5FC2101E19D004BD566 /* FourViewController.swift */; };
		9605C6022101E373004BD566 /* MainTabBarController.swift in Sources */ = {isa = PBXBuildFile; fileRef = 9605C6012101E373004BD566 /* MainTabBarController.swift */; };
		9605C6062101F01C004BD566 /* Second.storyboard in Resources */ = {isa = PBXBuildFile; fileRef = 9605C6052101F01C004BD566 /* Second.storyboard */; };
		9605C6082101F042004BD566 /* Third.storyboard in Resources */ = {isa = PBXBuildFile; fileRef = 9605C6072101F042004BD566 /* Third.storyboard */; };
		9605C60A2101F055004BD566 /* Four.storyboard in Resources */ = {isa = PBXBuildFile; fileRef = 9605C6092101F055004BD566 /* Four.storyboard */; };
		9605C60C2101F381004BD566 /* Home.storyboard in Resources */ = {isa = PBXBuildFile; fileRef = 9605C60B2101F381004BD566 /* Home.storyboard */; };
		9605C60E2101F67C004BD566 /* TabBar.swift in Sources */ = {isa = PBXBuildFile; fileRef = 9605C60D2101F67C004BD566 /* TabBar.swift */; };
		960DE793215A4D69007F7A5E /* AppDelegate.swift in Sources */ = {isa = PBXBuildFile; fileRef = 960DE792215A4D69007F7A5E /* AppDelegate.swift */; };
		960DE795215A4D98007F7A5E /* PrefixHeader.swift in Sources */ = {isa = PBXBuildFile; fileRef = 960DE794215A4D98007F7A5E /* PrefixHeader.swift */; };
		960DE798215A4E63007F7A5E /* PLShortVideoKit.bundle in Resources */ = {isa = PBXBuildFile; fileRef = 960DE797215A4E63007F7A5E /* PLShortVideoKit.bundle */; };
		960DE79C215A5B81007F7A5E /* PLSFilterGroup.swift in Sources */ = {isa = PBXBuildFile; fileRef = 960DE79B215A5B81007F7A5E /* PLSFilterGroup.swift */; };
		9617D76D2140D7B000FD1060 /* Shadow.swift in Sources */ = {isa = PBXBuildFile; fileRef = 9617D76C2140D7B000FD1060 /* Shadow.swift */; };
		9617D76F2140E5FE00FD1060 /* ShadowView.swift in Sources */ = {isa = PBXBuildFile; fileRef = 9617D76E2140E5FE00FD1060 /* ShadowView.swift */; };
		9617D771214119E300FD1060 /* ShadowButton.swift in Sources */ = {isa = PBXBuildFile; fileRef = 9617D770214119E300FD1060 /* ShadowButton.swift */; };
		9617D77521411F0000FD1060 /* DesignableView.swift in Sources */ = {isa = PBXBuildFile; fileRef = 9617D77421411F0000FD1060 /* DesignableView.swift */; };
		96463A392150E966000726B2 /* DateValueFormatter.swift in Sources */ = {isa = PBXBuildFile; fileRef = 96463A382150E966000726B2 /* DateValueFormatter.swift */; };
		96463A3B2150EEC6000726B2 /* LargeValueFormatter.swift in Sources */ = {isa = PBXBuildFile; fileRef = 96463A3A2150EEC6000726B2 /* LargeValueFormatter.swift */; };
		96463A3D2151018D000726B2 /* ChartMarker.swift in Sources */ = {isa = PBXBuildFile; fileRef = 96463A3C2151018D000726B2 /* ChartMarker.swift */; };
		9647AEEA21F1A3CF005AF84E /* WaterFlowLayout.swift in Sources */ = {isa = PBXBuildFile; fileRef = 9647AEE921F1A3CF005AF84E /* WaterFlowLayout.swift */; };
		9647AEFD21F1AAD0005AF84E /* huoying9.jpg in Resources */ = {isa = PBXBuildFile; fileRef = 9647AEEC21F1AAD0005AF84E /* huoying9.jpg */; };
		9647AEFE21F1AAD0005AF84E /* huoying8.png in Resources */ = {isa = PBXBuildFile; fileRef = 9647AEED21F1AAD0005AF84E /* huoying8.png */; };
		9647AEFF21F1AAD0005AF84E /* huoying17.jpg in Resources */ = {isa = PBXBuildFile; fileRef = 9647AEEE21F1AAD0005AF84E /* huoying17.jpg */; };
		9647AF0021F1AAD0005AF84E /* huoying3.jpg in Resources */ = {isa = PBXBuildFile; fileRef = 9647AEEF21F1AAD0005AF84E /* huoying3.jpg */; };
		9647AF0121F1AAD0005AF84E /* huoying2.jpg in Resources */ = {isa = PBXBuildFile; fileRef = 9647AEF021F1AAD0005AF84E /* huoying2.jpg */; };
		9647AF0221F1AAD0005AF84E /* huoying16.jpg in Resources */ = {isa = PBXBuildFile; fileRef = 9647AEF121F1AAD0005AF84E /* huoying16.jpg */; };
		9647AF0321F1AAD0005AF84E /* huoying14.jpg in Resources */ = {isa = PBXBuildFile; fileRef = 9647AEF221F1AAD0005AF84E /* huoying14.jpg */; };
		9647AF0421F1AAD0005AF84E /* huoying1.jpg in Resources */ = {isa = PBXBuildFile; fileRef = 9647AEF321F1AAD0005AF84E /* huoying1.jpg */; };
		9647AF0521F1AAD0005AF84E /* huoying15.jpg in Resources */ = {isa = PBXBuildFile; fileRef = 9647AEF421F1AAD0005AF84E /* huoying15.jpg */; };
		9647AF0621F1AAD0005AF84E /* huoying11.jpg in Resources */ = {isa = PBXBuildFile; fileRef = 9647AEF521F1AAD0005AF84E /* huoying11.jpg */; };
		9647AF0721F1AAD0005AF84E /* huoying5.jpg in Resources */ = {isa = PBXBuildFile; fileRef = 9647AEF621F1AAD0005AF84E /* huoying5.jpg */; };
		9647AF0821F1AAD0005AF84E /* huoying4.jpg in Resources */ = {isa = PBXBuildFile; fileRef = 9647AEF721F1AAD0005AF84E /* huoying4.jpg */; };
		9647AF0921F1AAD0005AF84E /* huoying10.jpg in Resources */ = {isa = PBXBuildFile; fileRef = 9647AEF821F1AAD0005AF84E /* huoying10.jpg */; };
		9647AF0A21F1AAD0005AF84E /* huoying12.jpg in Resources */ = {isa = PBXBuildFile; fileRef = 9647AEF921F1AAD0005AF84E /* huoying12.jpg */; };
		9647AF0B21F1AAD0005AF84E /* huoying6.jpg in Resources */ = {isa = PBXBuildFile; fileRef = 9647AEFA21F1AAD0005AF84E /* huoying6.jpg */; };
		9647AF0C21F1AAD1005AF84E /* huoying13.png in Resources */ = {isa = PBXBuildFile; fileRef = 9647AEFB21F1AAD0005AF84E /* huoying13.png */; };
		9647AF0D21F1AAD1005AF84E /* huoying7.jpg in Resources */ = {isa = PBXBuildFile; fileRef = 9647AEFC21F1AAD0005AF84E /* huoying7.jpg */; };
		9647AF1221F1ABFD005AF84E /* CenterCell.swift in Sources */ = {isa = PBXBuildFile; fileRef = 9647AF1021F1ABFD005AF84E /* CenterCell.swift */; };
		9647AF1321F1ABFD005AF84E /* CenterCell.xib in Resources */ = {isa = PBXBuildFile; fileRef = 9647AF1121F1ABFD005AF84E /* CenterCell.xib */; };
		966628F0213FD34100820701 /* SecondCell.swift in Sources */ = {isa = PBXBuildFile; fileRef = 966628EE213FD34100820701 /* SecondCell.swift */; };
		966628F1213FD34100820701 /* SecondCell.xib in Resources */ = {isa = PBXBuildFile; fileRef = 966628EF213FD34100820701 /* SecondCell.xib */; };
		966628F4213FEA9200820701 /* Animation1ViewController.swift in Sources */ = {isa = PBXBuildFile; fileRef = 966628F3213FEA9200820701 /* Animation1ViewController.swift */; };
		966628F6213FEB2C00820701 /* BaseViewController.swift in Sources */ = {isa = PBXBuildFile; fileRef = 966628F5213FEB2C00820701 /* BaseViewController.swift */; };
		966628F8213FECA700820701 /* Define.swift in Sources */ = {isa = PBXBuildFile; fileRef = 966628F7213FECA700820701 /* Define.swift */; };
		966628FD213FF00400820701 /* Position.swift in Sources */ = {isa = PBXBuildFile; fileRef = 966628FC213FF00400820701 /* Position.swift */; };
		966628FF213FF03200820701 /* RandomColor.swift in Sources */ = {isa = PBXBuildFile; fileRef = 966628FE213FF03200820701 /* RandomColor.swift */; };
		966BE3AE216085870080E2D5 /* LoggerConfig.swift in Sources */ = {isa = PBXBuildFile; fileRef = 966BE3AD216085870080E2D5 /* LoggerConfig.swift */; };
		9677B8D52149190800000E4C /* Animation2ViewController.swift in Sources */ = {isa = PBXBuildFile; fileRef = 9677B8D42149190800000E4C /* Animation2ViewController.swift */; };
		967E1C11214A4535004C7EB3 /* Animation3ViewController.swift in Sources */ = {isa = PBXBuildFile; fileRef = 967E1C10214A4535004C7EB3 /* Animation3ViewController.swift */; };
		967E1C15214A73F3004C7EB3 /* MTRefreshFooterAnimator.swift in Sources */ = {isa = PBXBuildFile; fileRef = 967E1C13214A73F3004C7EB3 /* MTRefreshFooterAnimator.swift */; };
		967E1C16214A73F3004C7EB3 /* MTRefreshHeaderAnimator.swift in Sources */ = {isa = PBXBuildFile; fileRef = 967E1C14214A73F3004C7EB3 /* MTRefreshHeaderAnimator.swift */; };
		967E1C18214A77FA004C7EB3 /* Refresh.swift in Sources */ = {isa = PBXBuildFile; fileRef = 967E1C17214A77FA004C7EB3 /* Refresh.swift */; };
		96887E16215255780019B39D /* ProtocolPractice.swift in Sources */ = {isa = PBXBuildFile; fileRef = 96887E15215255780019B39D /* ProtocolPractice.swift */; };
		96887E18215255950019B39D /* ProtocolPracticeViewController.swift in Sources */ = {isa = PBXBuildFile; fileRef = 96887E17215255950019B39D /* ProtocolPracticeViewController.swift */; };
		96887E1A215256880019B39D /* ProtocolInstance.swift in Sources */ = {isa = PBXBuildFile; fileRef = 96887E19215256880019B39D /* ProtocolInstance.swift */; };
		96887E1E2152707D0019B39D /* ViewControllerExtention.swift in Sources */ = {isa = PBXBuildFile; fileRef = 96887E1D2152707D0019B39D /* ViewControllerExtention.swift */; };
		969C46A421537530002818FD /* ProgressHub.swift in Sources */ = {isa = PBXBuildFile; fileRef = 969C46A321537530002818FD /* ProgressHub.swift */; };
		969E23F0215CBC1300F86409 /* ShortVideo.storyboard in Resources */ = {isa = PBXBuildFile; fileRef = 969E23EF215CBC1300F86409 /* ShortVideo.storyboard */; };
		969E23F2215CBD0500F86409 /* EditVideoViewController.swift in Sources */ = {isa = PBXBuildFile; fileRef = 969E23F1215CBD0500F86409 /* EditVideoViewController.swift */; };
		969E23F4215CF1CE00F86409 /* UIAlertExtension.swift in Sources */ = {isa = PBXBuildFile; fileRef = 969E23F3215CF1CE00F86409 /* UIAlertExtension.swift */; };
		96A5B8FF210868010039E81B /* Book.swift in Sources */ = {isa = PBXBuildFile; fileRef = 96A5B8FE210868010039E81B /* Book.swift */; };
		96A5B908210870120039E81B /* LogCategory.m in Sources */ = {isa = PBXBuildFile; fileRef = 96A5B907210870120039E81B /* LogCategory.m */; };
		96A5B90A210870250039E81B /* Logger.swift in Sources */ = {isa = PBXBuildFile; fileRef = 96A5B909210870250039E81B /* Logger.swift */; };
		96A5B90C21087B230039E81B /* BookTableViewController.swift in Sources */ = {isa = PBXBuildFile; fileRef = 96A5B90B21087B230039E81B /* BookTableViewController.swift */; };
		96A5B90F21087D2A0039E81B /* BookCell.swift in Sources */ = {isa = PBXBuildFile; fileRef = 96A5B90D21087D2A0039E81B /* BookCell.swift */; };
		96A5B91021087D2A0039E81B /* BookCell.xib in Resources */ = {isa = PBXBuildFile; fileRef = 96A5B90E21087D2A0039E81B /* BookCell.xib */; };
		96BE4A132106FD6C001AED2C /* Center.storyboard in Resources */ = {isa = PBXBuildFile; fileRef = 96BE4A122106FD6C001AED2C /* Center.storyboard */; };
		96BE4A152106FD7C001AED2C /* CenterViewController.swift in Sources */ = {isa = PBXBuildFile; fileRef = 96BE4A142106FD7C001AED2C /* CenterViewController.swift */; };
		96BE4A1821073C91001AED2C /* NetworkManager.swift in Sources */ = {isa = PBXBuildFile; fileRef = 96BE4A1721073C91001AED2C /* NetworkManager.swift */; };
		96C3F3C521421BF500F5212B /* CustomViewController.swift in Sources */ = {isa = PBXBuildFile; fileRef = 96C3F3C421421BF500F5212B /* CustomViewController.swift */; };
		96C400A221548F0900255225 /* MagicMoveAnimator.swift in Sources */ = {isa = PBXBuildFile; fileRef = 96C400A121548F0900255225 /* MagicMoveAnimator.swift */; };
		96C400A42154AAAD00255225 /* BaseAnimator.swift in Sources */ = {isa = PBXBuildFile; fileRef = 96C400A32154AAAD00255225 /* BaseAnimator.swift */; };
		96C400A82154ABFA00255225 /* EaseInAnimator.swift in Sources */ = {isa = PBXBuildFile; fileRef = 96C400A72154ABFA00255225 /* EaseInAnimator.swift */; };
		96C400AA2154CED300255225 /* Animator.swift in Sources */ = {isa = PBXBuildFile; fileRef = 96C400A92154CED300255225 /* Animator.swift */; };
		96C51058214FAAD80033AF0F /* ChartsViewController.swift in Sources */ = {isa = PBXBuildFile; fileRef = 96C51057214FAAD80033AF0F /* ChartsViewController.swift */; };
		96E75F3621D35B86009C52CF /* TestViewController.swift in Sources */ = {isa = PBXBuildFile; fileRef = 96E75F3521D35B86009C52CF /* TestViewController.swift */; };
		96EF7B90216DA64400CE3856 /* RxSwiftDemoViewController.swift in Sources */ = {isa = PBXBuildFile; fileRef = 96EF7B8F216DA64400CE3856 /* RxSwiftDemoViewController.swift */; };
		96F97B96215B3BE7009E25B7 /* FilterView.swift in Sources */ = {isa = PBXBuildFile; fileRef = 96F97B95215B3BE7009E25B7 /* FilterView.swift */; };
		96F97B98215B3C81009E25B7 /* FilterView.xib in Resources */ = {isa = PBXBuildFile; fileRef = 96F97B97215B3C81009E25B7 /* FilterView.xib */; };
		96F97B9B215B3D4B009E25B7 /* FilterCell.swift in Sources */ = {isa = PBXBuildFile; fileRef = 96F97B99215B3D4B009E25B7 /* FilterCell.swift */; };
		96F97B9C215B3D4B009E25B7 /* FilterCell.xib in Resources */ = {isa = PBXBuildFile; fileRef = 96F97B9A215B3D4B009E25B7 /* FilterCell.xib */; };
		CBC234118736557F64104818 /* Pods_SwiftProjects.framework in Frameworks */ = {isa = PBXBuildFile; fileRef = 327549ADADD7AF94D65CA2B8 /* Pods_SwiftProjects.framework */; };
/* End PBXBuildFile section */

/* Begin PBXContainerItemProxy section */
		9605C5D22101BF68004BD566 /* PBXContainerItemProxy */ = {
			isa = PBXContainerItemProxy;
			containerPortal = 9605C5B52101BF67004BD566 /* Project object */;
			proxyType = 1;
			remoteGlobalIDString = 9605C5BC2101BF67004BD566;
			remoteInfo = SwiftProjects;
		};
/* End PBXContainerItemProxy section */

/* Begin PBXCopyFilesBuildPhase section */
		96887E1021524F820019B39D /* Embed Frameworks */ = {
			isa = PBXCopyFilesBuildPhase;
			buildActionMask = 2147483647;
			dstPath = "";
			dstSubfolderSpec = 10;
			files = (
			);
			name = "Embed Frameworks";
			runOnlyForDeploymentPostprocessing = 0;
		};
/* End PBXCopyFilesBuildPhase section */

/* Begin PBXFileReference section */
		005AA3CCABA4C6A8262AE629 /* Pods_SwiftProjectsTests.framework */ = {isa = PBXFileReference; explicitFileType = wrapper.framework; includeInIndex = 0; path = Pods_SwiftProjectsTests.framework; sourceTree = BUILT_PRODUCTS_DIR; };
		0696419B1E328AA1A181EA95 /* Pods-SwiftProjects.release.xcconfig */ = {isa = PBXFileReference; includeInIndex = 1; lastKnownFileType = text.xcconfig; name = "Pods-SwiftProjects.release.xcconfig"; path = "Pods/Target Support Files/Pods-SwiftProjects/Pods-SwiftProjects.release.xcconfig"; sourceTree = "<group>"; };
		327549ADADD7AF94D65CA2B8 /* Pods_SwiftProjects.framework */ = {isa = PBXFileReference; explicitFileType = wrapper.framework; includeInIndex = 0; path = Pods_SwiftProjects.framework; sourceTree = BUILT_PRODUCTS_DIR; };
		7C188B46C0AF99A6C9803F5B /* Pods-SwiftProjectsTests.release.xcconfig */ = {isa = PBXFileReference; includeInIndex = 1; lastKnownFileType = text.xcconfig; name = "Pods-SwiftProjectsTests.release.xcconfig"; path = "Pods/Target Support Files/Pods-SwiftProjectsTests/Pods-SwiftProjectsTests.release.xcconfig"; sourceTree = "<group>"; };
		96044EC82142604300F29398 /* MovieTableViewController.swift */ = {isa = PBXFileReference; lastKnownFileType = sourcecode.swift; path = MovieTableViewController.swift; sourceTree = "<group>"; };
		96044ECC2142623D00F29398 /* MovieCell.swift */ = {isa = PBXFileReference; lastKnownFileType = sourcecode.swift; path = MovieCell.swift; sourceTree = "<group>"; };
		96044ECD2142623D00F29398 /* MovieCell.xib */ = {isa = PBXFileReference; lastKnownFileType = file.xib; path = MovieCell.xib; sourceTree = "<group>"; };
		96044ED0214267B800F29398 /* Movie.swift */ = {isa = PBXFileReference; lastKnownFileType = sourcecode.swift; path = Movie.swift; sourceTree = "<group>"; };
		96044ED2214275B000F29398 /* MovieViewModel.swift */ = {isa = PBXFileReference; lastKnownFileType = sourcecode.swift; path = MovieViewModel.swift; sourceTree = "<group>"; };
		960500712159EB8D004A32A1 /* ShortVideoViewController.swift */ = {isa = PBXFileReference; lastKnownFileType = sourcecode.swift; path = ShortVideoViewController.swift; sourceTree = "<group>"; };
		9605C5BD2101BF67004BD566 /* SwiftProjects.app */ = {isa = PBXFileReference; explicitFileType = wrapper.application; includeInIndex = 0; path = SwiftProjects.app; sourceTree = BUILT_PRODUCTS_DIR; };
		9605C5C72101BF68004BD566 /* Assets.xcassets */ = {isa = PBXFileReference; lastKnownFileType = folder.assetcatalog; path = Assets.xcassets; sourceTree = "<group>"; };
		9605C5CA2101BF68004BD566 /* Base */ = {isa = PBXFileReference; lastKnownFileType = file.storyboard; name = Base; path = Base.lproj/LaunchScreen.storyboard; sourceTree = "<group>"; };
		9605C5CC2101BF68004BD566 /* Info.plist */ = {isa = PBXFileReference; lastKnownFileType = text.plist.xml; path = Info.plist; sourceTree = "<group>"; };
		9605C5D12101BF68004BD566 /* SwiftProjectsTests.xctest */ = {isa = PBXFileReference; explicitFileType = wrapper.cfbundle; includeInIndex = 0; path = SwiftProjectsTests.xctest; sourceTree = BUILT_PRODUCTS_DIR; };
		9605C5D52101BF68004BD566 /* SwiftProjectsTests.swift */ = {isa = PBXFileReference; lastKnownFileType = sourcecode.swift; path = SwiftProjectsTests.swift; sourceTree = "<group>"; };
		9605C5D72101BF68004BD566 /* Info.plist */ = {isa = PBXFileReference; lastKnownFileType = text.plist.xml; path = Info.plist; sourceTree = "<group>"; };
		9605C5F62101E189004BD566 /* HomeViewController.swift */ = {isa = PBXFileReference; lastKnownFileType = sourcecode.swift; path = HomeViewController.swift; sourceTree = "<group>"; };
		9605C5F82101E18F004BD566 /* SecondViewController.swift */ = {isa = PBXFileReference; lastKnownFileType = sourcecode.swift; path = SecondViewController.swift; sourceTree = "<group>"; };
		9605C5FA2101E196004BD566 /* ThirdViewController.swift */ = {isa = PBXFileReference; lastKnownFileType = sourcecode.swift; path = ThirdViewController.swift; sourceTree = "<group>"; };
		9605C5FC2101E19D004BD566 /* FourViewController.swift */ = {isa = PBXFileReference; lastKnownFileType = sourcecode.swift; path = FourViewController.swift; sourceTree = "<group>"; };
		9605C6012101E373004BD566 /* MainTabBarController.swift */ = {isa = PBXFileReference; lastKnownFileType = sourcecode.swift; path = MainTabBarController.swift; sourceTree = "<group>"; };
		9605C6052101F01C004BD566 /* Second.storyboard */ = {isa = PBXFileReference; fileEncoding = 4; lastKnownFileType = file.storyboard; path = Second.storyboard; sourceTree = "<group>"; };
		9605C6072101F042004BD566 /* Third.storyboard */ = {isa = PBXFileReference; fileEncoding = 4; lastKnownFileType = file.storyboard; path = Third.storyboard; sourceTree = "<group>"; };
		9605C6092101F055004BD566 /* Four.storyboard */ = {isa = PBXFileReference; fileEncoding = 4; lastKnownFileType = file.storyboard; path = Four.storyboard; sourceTree = "<group>"; };
		9605C60B2101F381004BD566 /* Home.storyboard */ = {isa = PBXFileReference; lastKnownFileType = file.storyboard; path = Home.storyboard; sourceTree = "<group>"; };
		9605C60D2101F67C004BD566 /* TabBar.swift */ = {isa = PBXFileReference; lastKnownFileType = sourcecode.swift; path = TabBar.swift; sourceTree = "<group>"; };
		960DE792215A4D69007F7A5E /* AppDelegate.swift */ = {isa = PBXFileReference; fileEncoding = 4; lastKnownFileType = sourcecode.swift; path = AppDelegate.swift; sourceTree = "<group>"; };
		960DE794215A4D98007F7A5E /* PrefixHeader.swift */ = {isa = PBXFileReference; fileEncoding = 4; lastKnownFileType = sourcecode.swift; path = PrefixHeader.swift; sourceTree = "<group>"; };
		960DE797215A4E63007F7A5E /* PLShortVideoKit.bundle */ = {isa = PBXFileReference; lastKnownFileType = "wrapper.plug-in"; path = PLShortVideoKit.bundle; sourceTree = "<group>"; };
		960DE79B215A5B81007F7A5E /* PLSFilterGroup.swift */ = {isa = PBXFileReference; lastKnownFileType = sourcecode.swift; path = PLSFilterGroup.swift; sourceTree = "<group>"; };
		9617D76C2140D7B000FD1060 /* Shadow.swift */ = {isa = PBXFileReference; lastKnownFileType = sourcecode.swift; path = Shadow.swift; sourceTree = "<group>"; };
		9617D76E2140E5FE00FD1060 /* ShadowView.swift */ = {isa = PBXFileReference; lastKnownFileType = sourcecode.swift; path = ShadowView.swift; sourceTree = "<group>"; };
		9617D770214119E300FD1060 /* ShadowButton.swift */ = {isa = PBXFileReference; lastKnownFileType = sourcecode.swift; path = ShadowButton.swift; sourceTree = "<group>"; };
		9617D77421411F0000FD1060 /* DesignableView.swift */ = {isa = PBXFileReference; lastKnownFileType = sourcecode.swift; path = DesignableView.swift; sourceTree = "<group>"; };
		96463A382150E966000726B2 /* DateValueFormatter.swift */ = {isa = PBXFileReference; lastKnownFileType = sourcecode.swift; path = DateValueFormatter.swift; sourceTree = "<group>"; };
		96463A3A2150EEC6000726B2 /* LargeValueFormatter.swift */ = {isa = PBXFileReference; lastKnownFileType = sourcecode.swift; path = LargeValueFormatter.swift; sourceTree = "<group>"; };
		96463A3C2151018D000726B2 /* ChartMarker.swift */ = {isa = PBXFileReference; lastKnownFileType = sourcecode.swift; path = ChartMarker.swift; sourceTree = "<group>"; };
		9647AEE621F1742F005AF84E /* Charts.framework */ = {isa = PBXFileReference; lastKnownFileType = wrapper.framework; name = Charts.framework; path = "../../../../../Library/Developer/Xcode/DerivedData/SwiftProjects-craffkkftyeoyyfekbofxtfeocix/Build/Products/Debug-iphoneos/Charts.framework"; sourceTree = "<group>"; };
		9647AEE921F1A3CF005AF84E /* WaterFlowLayout.swift */ = {isa = PBXFileReference; fileEncoding = 4; lastKnownFileType = sourcecode.swift; path = WaterFlowLayout.swift; sourceTree = "<group>"; };
		9647AEEC21F1AAD0005AF84E /* huoying9.jpg */ = {isa = PBXFileReference; lastKnownFileType = image.jpeg; path = huoying9.jpg; sourceTree = "<group>"; };
		9647AEED21F1AAD0005AF84E /* huoying8.png */ = {isa = PBXFileReference; lastKnownFileType = image.png; path = huoying8.png; sourceTree = "<group>"; };
		9647AEEE21F1AAD0005AF84E /* huoying17.jpg */ = {isa = PBXFileReference; lastKnownFileType = image.jpeg; path = huoying17.jpg; sourceTree = "<group>"; };
		9647AEEF21F1AAD0005AF84E /* huoying3.jpg */ = {isa = PBXFileReference; lastKnownFileType = image.jpeg; path = huoying3.jpg; sourceTree = "<group>"; };
		9647AEF021F1AAD0005AF84E /* huoying2.jpg */ = {isa = PBXFileReference; lastKnownFileType = image.jpeg; path = huoying2.jpg; sourceTree = "<group>"; };
		9647AEF121F1AAD0005AF84E /* huoying16.jpg */ = {isa = PBXFileReference; lastKnownFileType = image.jpeg; path = huoying16.jpg; sourceTree = "<group>"; };
		9647AEF221F1AAD0005AF84E /* huoying14.jpg */ = {isa = PBXFileReference; lastKnownFileType = image.jpeg; path = huoying14.jpg; sourceTree = "<group>"; };
		9647AEF321F1AAD0005AF84E /* huoying1.jpg */ = {isa = PBXFileReference; lastKnownFileType = image.jpeg; path = huoying1.jpg; sourceTree = "<group>"; };
		9647AEF421F1AAD0005AF84E /* huoying15.jpg */ = {isa = PBXFileReference; lastKnownFileType = image.jpeg; path = huoying15.jpg; sourceTree = "<group>"; };
		9647AEF521F1AAD0005AF84E /* huoying11.jpg */ = {isa = PBXFileReference; lastKnownFileType = image.jpeg; path = huoying11.jpg; sourceTree = "<group>"; };
		9647AEF621F1AAD0005AF84E /* huoying5.jpg */ = {isa = PBXFileReference; lastKnownFileType = image.jpeg; path = huoying5.jpg; sourceTree = "<group>"; };
		9647AEF721F1AAD0005AF84E /* huoying4.jpg */ = {isa = PBXFileReference; lastKnownFileType = image.jpeg; path = huoying4.jpg; sourceTree = "<group>"; };
		9647AEF821F1AAD0005AF84E /* huoying10.jpg */ = {isa = PBXFileReference; lastKnownFileType = image.jpeg; path = huoying10.jpg; sourceTree = "<group>"; };
		9647AEF921F1AAD0005AF84E /* huoying12.jpg */ = {isa = PBXFileReference; lastKnownFileType = image.jpeg; path = huoying12.jpg; sourceTree = "<group>"; };
		9647AEFA21F1AAD0005AF84E /* huoying6.jpg */ = {isa = PBXFileReference; lastKnownFileType = image.jpeg; path = huoying6.jpg; sourceTree = "<group>"; };
		9647AEFB21F1AAD0005AF84E /* huoying13.png */ = {isa = PBXFileReference; lastKnownFileType = image.png; path = huoying13.png; sourceTree = "<group>"; };
		9647AEFC21F1AAD0005AF84E /* huoying7.jpg */ = {isa = PBXFileReference; lastKnownFileType = image.jpeg; path = huoying7.jpg; sourceTree = "<group>"; };
		9647AF1021F1ABFD005AF84E /* CenterCell.swift */ = {isa = PBXFileReference; lastKnownFileType = sourcecode.swift; path = CenterCell.swift; sourceTree = "<group>"; };
		9647AF1121F1ABFD005AF84E /* CenterCell.xib */ = {isa = PBXFileReference; lastKnownFileType = file.xib; path = CenterCell.xib; sourceTree = "<group>"; };
		966628EE213FD34100820701 /* SecondCell.swift */ = {isa = PBXFileReference; lastKnownFileType = sourcecode.swift; path = SecondCell.swift; sourceTree = "<group>"; };
		966628EF213FD34100820701 /* SecondCell.xib */ = {isa = PBXFileReference; lastKnownFileType = file.xib; path = SecondCell.xib; sourceTree = "<group>"; };
		966628F3213FEA9200820701 /* Animation1ViewController.swift */ = {isa = PBXFileReference; lastKnownFileType = sourcecode.swift; path = Animation1ViewController.swift; sourceTree = "<group>"; };
		966628F5213FEB2C00820701 /* BaseViewController.swift */ = {isa = PBXFileReference; lastKnownFileType = sourcecode.swift; path = BaseViewController.swift; sourceTree = "<group>"; };
		966628F7213FECA700820701 /* Define.swift */ = {isa = PBXFileReference; lastKnownFileType = sourcecode.swift; path = Define.swift; sourceTree = "<group>"; };
		966628FC213FF00400820701 /* Position.swift */ = {isa = PBXFileReference; lastKnownFileType = sourcecode.swift; path = Position.swift; sourceTree = "<group>"; };
		966628FE213FF03200820701 /* RandomColor.swift */ = {isa = PBXFileReference; lastKnownFileType = sourcecode.swift; path = RandomColor.swift; sourceTree = "<group>"; };
		966BE3AD216085870080E2D5 /* LoggerConfig.swift */ = {isa = PBXFileReference; lastKnownFileType = sourcecode.swift; path = LoggerConfig.swift; sourceTree = "<group>"; };
		9677B8D42149190800000E4C /* Animation2ViewController.swift */ = {isa = PBXFileReference; lastKnownFileType = sourcecode.swift; path = Animation2ViewController.swift; sourceTree = "<group>"; };
		967E1C10214A4535004C7EB3 /* Animation3ViewController.swift */ = {isa = PBXFileReference; lastKnownFileType = sourcecode.swift; path = Animation3ViewController.swift; sourceTree = "<group>"; };
		967E1C13214A73F3004C7EB3 /* MTRefreshFooterAnimator.swift */ = {isa = PBXFileReference; fileEncoding = 4; lastKnownFileType = sourcecode.swift; path = MTRefreshFooterAnimator.swift; sourceTree = "<group>"; };
		967E1C14214A73F3004C7EB3 /* MTRefreshHeaderAnimator.swift */ = {isa = PBXFileReference; fileEncoding = 4; lastKnownFileType = sourcecode.swift; path = MTRefreshHeaderAnimator.swift; sourceTree = "<group>"; };
		967E1C17214A77FA004C7EB3 /* Refresh.swift */ = {isa = PBXFileReference; lastKnownFileType = sourcecode.swift; path = Refresh.swift; sourceTree = "<group>"; };
		96887E15215255780019B39D /* ProtocolPractice.swift */ = {isa = PBXFileReference; lastKnownFileType = sourcecode.swift; path = ProtocolPractice.swift; sourceTree = "<group>"; };
		96887E17215255950019B39D /* ProtocolPracticeViewController.swift */ = {isa = PBXFileReference; lastKnownFileType = sourcecode.swift; path = ProtocolPracticeViewController.swift; sourceTree = "<group>"; };
		96887E19215256880019B39D /* ProtocolInstance.swift */ = {isa = PBXFileReference; lastKnownFileType = sourcecode.swift; path = ProtocolInstance.swift; sourceTree = "<group>"; };
		96887E1D2152707D0019B39D /* ViewControllerExtention.swift */ = {isa = PBXFileReference; lastKnownFileType = sourcecode.swift; path = ViewControllerExtention.swift; sourceTree = "<group>"; };
		969C46A321537530002818FD /* ProgressHub.swift */ = {isa = PBXFileReference; lastKnownFileType = sourcecode.swift; path = ProgressHub.swift; sourceTree = "<group>"; };
		969E23EF215CBC1300F86409 /* ShortVideo.storyboard */ = {isa = PBXFileReference; fileEncoding = 4; lastKnownFileType = file.storyboard; path = ShortVideo.storyboard; sourceTree = "<group>"; };
		969E23F1215CBD0500F86409 /* EditVideoViewController.swift */ = {isa = PBXFileReference; lastKnownFileType = sourcecode.swift; path = EditVideoViewController.swift; sourceTree = "<group>"; };
		969E23F3215CF1CE00F86409 /* UIAlertExtension.swift */ = {isa = PBXFileReference; lastKnownFileType = sourcecode.swift; path = UIAlertExtension.swift; sourceTree = "<group>"; };
		96A5B8FE210868010039E81B /* Book.swift */ = {isa = PBXFileReference; lastKnownFileType = sourcecode.swift; path = Book.swift; sourceTree = "<group>"; };
		96A5B904210870110039E81B /* SwiftProjects-Bridging-Header.h */ = {isa = PBXFileReference; lastKnownFileType = sourcecode.c.h; path = "SwiftProjects-Bridging-Header.h"; sourceTree = "<group>"; };
		96A5B905210870120039E81B /* LogCategory.h */ = {isa = PBXFileReference; fileEncoding = 4; lastKnownFileType = sourcecode.c.h; path = LogCategory.h; sourceTree = "<group>"; };
		96A5B906210870120039E81B /* LogChinese_Swift-Bridging-Header.h */ = {isa = PBXFileReference; fileEncoding = 4; lastKnownFileType = sourcecode.c.h; path = "LogChinese_Swift-Bridging-Header.h"; sourceTree = "<group>"; };
		96A5B907210870120039E81B /* LogCategory.m */ = {isa = PBXFileReference; fileEncoding = 4; lastKnownFileType = sourcecode.c.objc; path = LogCategory.m; sourceTree = "<group>"; };
		96A5B909210870250039E81B /* Logger.swift */ = {isa = PBXFileReference; fileEncoding = 4; lastKnownFileType = sourcecode.swift; path = Logger.swift; sourceTree = "<group>"; };
		96A5B90B21087B230039E81B /* BookTableViewController.swift */ = {isa = PBXFileReference; lastKnownFileType = sourcecode.swift; path = BookTableViewController.swift; sourceTree = "<group>"; };
		96A5B90D21087D2A0039E81B /* BookCell.swift */ = {isa = PBXFileReference; lastKnownFileType = sourcecode.swift; path = BookCell.swift; sourceTree = "<group>"; };
		96A5B90E21087D2A0039E81B /* BookCell.xib */ = {isa = PBXFileReference; lastKnownFileType = file.xib; path = BookCell.xib; sourceTree = "<group>"; };
		96BE4A122106FD6C001AED2C /* Center.storyboard */ = {isa = PBXFileReference; lastKnownFileType = file.storyboard; path = Center.storyboard; sourceTree = "<group>"; };
		96BE4A142106FD7C001AED2C /* CenterViewController.swift */ = {isa = PBXFileReference; lastKnownFileType = sourcecode.swift; path = CenterViewController.swift; sourceTree = "<group>"; };
		96BE4A1721073C91001AED2C /* NetworkManager.swift */ = {isa = PBXFileReference; lastKnownFileType = sourcecode.swift; path = NetworkManager.swift; sourceTree = "<group>"; };
		96C3F3C421421BF500F5212B /* CustomViewController.swift */ = {isa = PBXFileReference; lastKnownFileType = sourcecode.swift; path = CustomViewController.swift; sourceTree = "<group>"; };
		96C400A121548F0900255225 /* MagicMoveAnimator.swift */ = {isa = PBXFileReference; lastKnownFileType = sourcecode.swift; path = MagicMoveAnimator.swift; sourceTree = "<group>"; };
		96C400A32154AAAD00255225 /* BaseAnimator.swift */ = {isa = PBXFileReference; lastKnownFileType = sourcecode.swift; path = BaseAnimator.swift; sourceTree = "<group>"; };
		96C400A72154ABFA00255225 /* EaseInAnimator.swift */ = {isa = PBXFileReference; lastKnownFileType = sourcecode.swift; path = EaseInAnimator.swift; sourceTree = "<group>"; };
		96C400A92154CED300255225 /* Animator.swift */ = {isa = PBXFileReference; lastKnownFileType = sourcecode.swift; path = Animator.swift; sourceTree = "<group>"; };
		96C51057214FAAD80033AF0F /* ChartsViewController.swift */ = {isa = PBXFileReference; lastKnownFileType = sourcecode.swift; path = ChartsViewController.swift; sourceTree = "<group>"; };
		96E75F3521D35B86009C52CF /* TestViewController.swift */ = {isa = PBXFileReference; lastKnownFileType = sourcecode.swift; path = TestViewController.swift; sourceTree = "<group>"; };
		96EF7B8F216DA64400CE3856 /* RxSwiftDemoViewController.swift */ = {isa = PBXFileReference; lastKnownFileType = sourcecode.swift; path = RxSwiftDemoViewController.swift; sourceTree = "<group>"; };
		96F97B95215B3BE7009E25B7 /* FilterView.swift */ = {isa = PBXFileReference; lastKnownFileType = sourcecode.swift; path = FilterView.swift; sourceTree = "<group>"; };
		96F97B97215B3C81009E25B7 /* FilterView.xib */ = {isa = PBXFileReference; lastKnownFileType = file.xib; path = FilterView.xib; sourceTree = "<group>"; };
		96F97B99215B3D4B009E25B7 /* FilterCell.swift */ = {isa = PBXFileReference; lastKnownFileType = sourcecode.swift; path = FilterCell.swift; sourceTree = "<group>"; };
		96F97B9A215B3D4B009E25B7 /* FilterCell.xib */ = {isa = PBXFileReference; lastKnownFileType = file.xib; path = FilterCell.xib; sourceTree = "<group>"; };
		CDCAC8CBBB578F5D11DF92B1 /* Pods-SwiftProjectsTests.debug.xcconfig */ = {isa = PBXFileReference; includeInIndex = 1; lastKnownFileType = text.xcconfig; name = "Pods-SwiftProjectsTests.debug.xcconfig"; path = "Pods/Target Support Files/Pods-SwiftProjectsTests/Pods-SwiftProjectsTests.debug.xcconfig"; sourceTree = "<group>"; };
		EB42F02FF7E074EA56D4556F /* Pods-SwiftProjects.debug.xcconfig */ = {isa = PBXFileReference; includeInIndex = 1; lastKnownFileType = text.xcconfig; name = "Pods-SwiftProjects.debug.xcconfig"; path = "Pods/Target Support Files/Pods-SwiftProjects/Pods-SwiftProjects.debug.xcconfig"; sourceTree = "<group>"; };
/* End PBXFileReference section */

/* Begin PBXFrameworksBuildPhase section */
		9605C5BA2101BF67004BD566 /* Frameworks */ = {
			isa = PBXFrameworksBuildPhase;
			buildActionMask = 2147483647;
			files = (
				CBC234118736557F64104818 /* Pods_SwiftProjects.framework in Frameworks */,
			);
			runOnlyForDeploymentPostprocessing = 0;
		};
		9605C5CE2101BF68004BD566 /* Frameworks */ = {
			isa = PBXFrameworksBuildPhase;
			buildActionMask = 2147483647;
			files = (
				776119541C88F69247AD8E1A /* Pods_SwiftProjectsTests.framework in Frameworks */,
			);
			runOnlyForDeploymentPostprocessing = 0;
		};
/* End PBXFrameworksBuildPhase section */

/* Begin PBXGroup section */
		6FFA415332FCD2E30FFA1586 /* Pods */ = {
			isa = PBXGroup;
			children = (
				EB42F02FF7E074EA56D4556F /* Pods-SwiftProjects.debug.xcconfig */,
				0696419B1E328AA1A181EA95 /* Pods-SwiftProjects.release.xcconfig */,
				CDCAC8CBBB578F5D11DF92B1 /* Pods-SwiftProjectsTests.debug.xcconfig */,
				7C188B46C0AF99A6C9803F5B /* Pods-SwiftProjectsTests.release.xcconfig */,
			);
			name = Pods;
			sourceTree = "<group>";
		};
		96044EC72142603100F29398 /* Movie */ = {
			isa = PBXGroup;
			children = (
				96044EC82142604300F29398 /* MovieTableViewController.swift */,
				96044ECC2142623D00F29398 /* MovieCell.swift */,
				96044ECD2142623D00F29398 /* MovieCell.xib */,
				96044ED0214267B800F29398 /* Movie.swift */,
				96044ED2214275B000F29398 /* MovieViewModel.swift */,
			);
			path = Movie;
			sourceTree = "<group>";
		};
		960500702159EB3D004A32A1 /* ShortVideo */ = {
			isa = PBXGroup;
			children = (
				969E23EF215CBC1300F86409 /* ShortVideo.storyboard */,
				960500712159EB8D004A32A1 /* ShortVideoViewController.swift */,
				96F97B95215B3BE7009E25B7 /* FilterView.swift */,
				96F97B97215B3C81009E25B7 /* FilterView.xib */,
				960DE79B215A5B81007F7A5E /* PLSFilterGroup.swift */,
				96F97B99215B3D4B009E25B7 /* FilterCell.swift */,
				96F97B9A215B3D4B009E25B7 /* FilterCell.xib */,
				969E23F1215CBD0500F86409 /* EditVideoViewController.swift */,
			);
			path = ShortVideo;
			sourceTree = "<group>";
		};
		9605C5B42101BF67004BD566 = {
			isa = PBXGroup;
			children = (
				9605C5BF2101BF67004BD566 /* SwiftProjects */,
				9605C5D42101BF68004BD566 /* SwiftProjectsTests */,
				9605C5BE2101BF67004BD566 /* Products */,
				6FFA415332FCD2E30FFA1586 /* Pods */,
				9D587CD6ABBAB7AD0B821D58 /* Frameworks */,
			);
			sourceTree = "<group>";
		};
		9605C5BE2101BF67004BD566 /* Products */ = {
			isa = PBXGroup;
			children = (
				9605C5BD2101BF67004BD566 /* SwiftProjects.app */,
				9605C5D12101BF68004BD566 /* SwiftProjectsTests.xctest */,
			);
			name = Products;
			sourceTree = "<group>";
		};
		9605C5BF2101BF67004BD566 /* SwiftProjects */ = {
			isa = PBXGroup;
			children = (
				960DE790215A4D16007F7A5E /* Resources */,
				96A5B900210869FE0039E81B /* Untils */,
				960DE791215A4D40007F7A5E /* AppDelegate */,
				9605C5F12101E171004BD566 /* Classes */,
				960DE78F215A4D16007F7A5E /* Support */,
				9605C5C72101BF68004BD566 /* Assets.xcassets */,
				9605C5C92101BF68004BD566 /* LaunchScreen.storyboard */,
				9605C5CC2101BF68004BD566 /* Info.plist */,
			);
			path = SwiftProjects;
			sourceTree = "<group>";
		};
		9605C5D42101BF68004BD566 /* SwiftProjectsTests */ = {
			isa = PBXGroup;
			children = (
				9605C5D52101BF68004BD566 /* SwiftProjectsTests.swift */,
				9605C5D72101BF68004BD566 /* Info.plist */,
			);
			path = SwiftProjectsTests;
			sourceTree = "<group>";
		};
		9605C5F12101E171004BD566 /* Classes */ = {
			isa = PBXGroup;
			children = (
				9605C5FE2101E31F004BD566 /* Main */,
				9605C5F32101E171004BD566 /* Home */,
				9605C5F42101E171004BD566 /* Second */,
				96BE4A112106FD5E001AED2C /* Center */,
				9605C5F52101E171004BD566 /* Third */,
				9605C5F22101E171004BD566 /* Four */,
				96BE4A1621073C4C001AED2C /* Manager */,
			);
			path = Classes;
			sourceTree = "<group>";
		};
		9605C5F22101E171004BD566 /* Four */ = {
			isa = PBXGroup;
			children = (
				9605C6092101F055004BD566 /* Four.storyboard */,
				9605C5FC2101E19D004BD566 /* FourViewController.swift */,
			);
			path = Four;
			sourceTree = "<group>";
		};
		9605C5F32101E171004BD566 /* Home */ = {
			isa = PBXGroup;
			children = (
				9605C60B2101F381004BD566 /* Home.storyboard */,
				9605C5F62101E189004BD566 /* HomeViewController.swift */,
				96A5B8FD210867F10039E81B /* DouBanBook */,
				96C3F3C321421BD500F5212B /* CustomView */,
				96044EC72142603100F29398 /* Movie */,
				96C51056214FAAB90033AF0F /* Charts */,
				96887E142152555C0019B39D /* ProtocolPractice */,
				960500702159EB3D004A32A1 /* ShortVideo */,
				96EF7B8E216DA60500CE3856 /* RxSwiftDemo */,
			);
			path = Home;
			sourceTree = "<group>";
		};
		9605C5F42101E171004BD566 /* Second */ = {
			isa = PBXGroup;
			children = (
				9605C6052101F01C004BD566 /* Second.storyboard */,
				9605C5F82101E18F004BD566 /* SecondViewController.swift */,
				966628EE213FD34100820701 /* SecondCell.swift */,
				966628EF213FD34100820701 /* SecondCell.xib */,
				966628F2213FEA7B00820701 /* ChildVC */,
			);
			path = Second;
			sourceTree = "<group>";
		};
		9605C5F52101E171004BD566 /* Third */ = {
			isa = PBXGroup;
			children = (
				9605C6072101F042004BD566 /* Third.storyboard */,
				9605C5FA2101E196004BD566 /* ThirdViewController.swift */,
			);
			path = Third;
			sourceTree = "<group>";
		};
		9605C5FE2101E31F004BD566 /* Main */ = {
			isa = PBXGroup;
			children = (
				9605C6012101E373004BD566 /* MainTabBarController.swift */,
				9605C60D2101F67C004BD566 /* TabBar.swift */,
				966628F7213FECA700820701 /* Define.swift */,
				9617D76E2140E5FE00FD1060 /* ShadowView.swift */,
				9617D770214119E300FD1060 /* ShadowButton.swift */,
				9617D77421411F0000FD1060 /* DesignableView.swift */,
			);
			path = Main;
			sourceTree = "<group>";
		};
		960DE78F215A4D16007F7A5E /* Support */ = {
			isa = PBXGroup;
			children = (
				9647AEE621F1742F005AF84E /* Charts.framework */,
				960DE794215A4D98007F7A5E /* PrefixHeader.swift */,
			);
			path = Support;
			sourceTree = "<group>";
		};
		960DE790215A4D16007F7A5E /* Resources */ = {
			isa = PBXGroup;
			children = (
				960DE797215A4E63007F7A5E /* PLShortVideoKit.bundle */,
			);
			path = Resources;
			sourceTree = "<group>";
		};
		960DE791215A4D40007F7A5E /* AppDelegate */ = {
			isa = PBXGroup;
			children = (
				960DE792215A4D69007F7A5E /* AppDelegate.swift */,
			);
			path = AppDelegate;
			sourceTree = "<group>";
		};
		9647AEEB21F1AAD0005AF84E /* huoying */ = {
			isa = PBXGroup;
			children = (
				9647AEEC21F1AAD0005AF84E /* huoying9.jpg */,
				9647AEED21F1AAD0005AF84E /* huoying8.png */,
				9647AEEE21F1AAD0005AF84E /* huoying17.jpg */,
				9647AEEF21F1AAD0005AF84E /* huoying3.jpg */,
				9647AEF021F1AAD0005AF84E /* huoying2.jpg */,
				9647AEF121F1AAD0005AF84E /* huoying16.jpg */,
				9647AEF221F1AAD0005AF84E /* huoying14.jpg */,
				9647AEF321F1AAD0005AF84E /* huoying1.jpg */,
				9647AEF421F1AAD0005AF84E /* huoying15.jpg */,
				9647AEF521F1AAD0005AF84E /* huoying11.jpg */,
				9647AEF621F1AAD0005AF84E /* huoying5.jpg */,
				9647AEF721F1AAD0005AF84E /* huoying4.jpg */,
				9647AEF821F1AAD0005AF84E /* huoying10.jpg */,
				9647AEF921F1AAD0005AF84E /* huoying12.jpg */,
				9647AEFA21F1AAD0005AF84E /* huoying6.jpg */,
				9647AEFB21F1AAD0005AF84E /* huoying13.png */,
				9647AEFC21F1AAD0005AF84E /* huoying7.jpg */,
			);
			path = huoying;
			sourceTree = "<group>";
		};
		966628F2213FEA7B00820701 /* ChildVC */ = {
			isa = PBXGroup;
			children = (
				966628F5213FEB2C00820701 /* BaseViewController.swift */,
				966628F3213FEA9200820701 /* Animation1ViewController.swift */,
				9677B8D42149190800000E4C /* Animation2ViewController.swift */,
				967E1C10214A4535004C7EB3 /* Animation3ViewController.swift */,
			);
			path = ChildVC;
			sourceTree = "<group>";
		};
		966628F9213FEF5E00820701 /* Extensions */ = {
			isa = PBXGroup;
			children = (
				966628FC213FF00400820701 /* Position.swift */,
				966628FE213FF03200820701 /* RandomColor.swift */,
				9617D76C2140D7B000FD1060 /* Shadow.swift */,
				96887E1D2152707D0019B39D /* ViewControllerExtention.swift */,
				969E23F3215CF1CE00F86409 /* UIAlertExtension.swift */,
			);
			path = Extensions;
			sourceTree = "<group>";
		};
		966BE3AC216085520080E2D5 /* Logger */ = {
			isa = PBXGroup;
			children = (
				966BE3AD216085870080E2D5 /* LoggerConfig.swift */,
			);
			path = Logger;
			sourceTree = "<group>";
		};
		967E1C12214A7305004C7EB3 /* Refresh */ = {
			isa = PBXGroup;
			children = (
				967E1C14214A73F3004C7EB3 /* MTRefreshHeaderAnimator.swift */,
				967E1C13214A73F3004C7EB3 /* MTRefreshFooterAnimator.swift */,
				967E1C17214A77FA004C7EB3 /* Refresh.swift */,
			);
			path = Refresh;
			sourceTree = "<group>";
		};
		96887E142152555C0019B39D /* ProtocolPractice */ = {
			isa = PBXGroup;
			children = (
				96887E17215255950019B39D /* ProtocolPracticeViewController.swift */,
				96887E15215255780019B39D /* ProtocolPractice.swift */,
				96887E19215256880019B39D /* ProtocolInstance.swift */,
			);
			path = ProtocolPractice;
			sourceTree = "<group>";
		};
		969C46A221537382002818FD /* ProgressHub */ = {
			isa = PBXGroup;
			children = (
				969C46A321537530002818FD /* ProgressHub.swift */,
			);
			path = ProgressHub;
			sourceTree = "<group>";
		};
		969C46A62153ABCD002818FD /* Transition */ = {
			isa = PBXGroup;
			children = (
				96C400A32154AAAD00255225 /* BaseAnimator.swift */,
				96C400A121548F0900255225 /* MagicMoveAnimator.swift */,
				96C400A72154ABFA00255225 /* EaseInAnimator.swift */,
				96C400A92154CED300255225 /* Animator.swift */,
			);
			path = Transition;
			sourceTree = "<group>";
		};
		96A5B8FD210867F10039E81B /* DouBanBook */ = {
			isa = PBXGroup;
			children = (
				96A5B90B21087B230039E81B /* BookTableViewController.swift */,
				96A5B8FE210868010039E81B /* Book.swift */,
				96A5B90D21087D2A0039E81B /* BookCell.swift */,
				96A5B90E21087D2A0039E81B /* BookCell.xib */,
			);
			path = DouBanBook;
			sourceTree = "<group>";
		};
		96A5B900210869FE0039E81B /* Untils */ = {
			isa = PBXGroup;
			children = (
				966628F9213FEF5E00820701 /* Extensions */,
				966BE3AC216085520080E2D5 /* Logger */,
				96A5B903210870000039E81B /* LogChinease */,
				967E1C12214A7305004C7EB3 /* Refresh */,
				969C46A221537382002818FD /* ProgressHub */,
				969C46A62153ABCD002818FD /* Transition */,
			);
			path = Untils;
			sourceTree = "<group>";
		};
		96A5B903210870000039E81B /* LogChinease */ = {
			isa = PBXGroup;
			children = (
				96A5B909210870250039E81B /* Logger.swift */,
				96A5B905210870120039E81B /* LogCategory.h */,
				96A5B907210870120039E81B /* LogCategory.m */,
				96A5B906210870120039E81B /* LogChinese_Swift-Bridging-Header.h */,
				96A5B904210870110039E81B /* SwiftProjects-Bridging-Header.h */,
			);
			path = LogChinease;
			sourceTree = "<group>";
		};
		96BE4A112106FD5E001AED2C /* Center */ = {
			isa = PBXGroup;
			children = (
				96BE4A122106FD6C001AED2C /* Center.storyboard */,
				96BE4A142106FD7C001AED2C /* CenterViewController.swift */,
				9647AEE921F1A3CF005AF84E /* WaterFlowLayout.swift */,
				9647AF1021F1ABFD005AF84E /* CenterCell.swift */,
				9647AF1121F1ABFD005AF84E /* CenterCell.xib */,
				96E75F3521D35B86009C52CF /* TestViewController.swift */,
				9647AEEB21F1AAD0005AF84E /* huoying */,
			);
			path = Center;
			sourceTree = "<group>";
		};
		96BE4A1621073C4C001AED2C /* Manager */ = {
			isa = PBXGroup;
			children = (
				96BE4A1721073C91001AED2C /* NetworkManager.swift */,
			);
			path = Manager;
			sourceTree = "<group>";
		};
		96C3F3C321421BD500F5212B /* CustomView */ = {
			isa = PBXGroup;
			children = (
				96C3F3C421421BF500F5212B /* CustomViewController.swift */,
			);
			path = CustomView;
			sourceTree = "<group>";
		};
		96C51056214FAAB90033AF0F /* Charts */ = {
			isa = PBXGroup;
			children = (
				96C51057214FAAD80033AF0F /* ChartsViewController.swift */,
				96463A382150E966000726B2 /* DateValueFormatter.swift */,
				96463A3A2150EEC6000726B2 /* LargeValueFormatter.swift */,
				96463A3C2151018D000726B2 /* ChartMarker.swift */,
			);
			path = Charts;
			sourceTree = "<group>";
		};
		96EF7B8E216DA60500CE3856 /* RxSwiftDemo */ = {
			isa = PBXGroup;
			children = (
				96EF7B8F216DA64400CE3856 /* RxSwiftDemoViewController.swift */,
			);
			path = RxSwiftDemo;
			sourceTree = "<group>";
		};
		9D587CD6ABBAB7AD0B821D58 /* Frameworks */ = {
			isa = PBXGroup;
			children = (
				327549ADADD7AF94D65CA2B8 /* Pods_SwiftProjects.framework */,
				005AA3CCABA4C6A8262AE629 /* Pods_SwiftProjectsTests.framework */,
			);
			name = Frameworks;
			sourceTree = "<group>";
		};
/* End PBXGroup section */

/* Begin PBXNativeTarget section */
		9605C5BC2101BF67004BD566 /* SwiftProjects */ = {
			isa = PBXNativeTarget;
			buildConfigurationList = 9605C5DA2101BF68004BD566 /* Build configuration list for PBXNativeTarget "SwiftProjects" */;
			buildPhases = (
				44470C4224BECD2C0954A4EE /* [CP] Check Pods Manifest.lock */,
				9605C5B92101BF67004BD566 /* Sources */,
				9605C5BA2101BF67004BD566 /* Frameworks */,
				9605C5BB2101BF67004BD566 /* Resources */,
				CB2C885F9A1576725130D223 /* [CP] Embed Pods Frameworks */,
				96887E1021524F820019B39D /* Embed Frameworks */,
			);
			buildRules = (
			);
			dependencies = (
			);
			name = SwiftProjects;
			productName = SwiftProjects;
			productReference = 9605C5BD2101BF67004BD566 /* SwiftProjects.app */;
			productType = "com.apple.product-type.application";
		};
		9605C5D02101BF68004BD566 /* SwiftProjectsTests */ = {
			isa = PBXNativeTarget;
			buildConfigurationList = 9605C5DD2101BF68004BD566 /* Build configuration list for PBXNativeTarget "SwiftProjectsTests" */;
			buildPhases = (
				00CC09D138E65CE30DC29AA1 /* [CP] Check Pods Manifest.lock */,
				9605C5CD2101BF68004BD566 /* Sources */,
				9605C5CE2101BF68004BD566 /* Frameworks */,
				9605C5CF2101BF68004BD566 /* Resources */,
			);
			buildRules = (
			);
			dependencies = (
				9605C5D32101BF68004BD566 /* PBXTargetDependency */,
			);
			name = SwiftProjectsTests;
			productName = SwiftProjectsTests;
			productReference = 9605C5D12101BF68004BD566 /* SwiftProjectsTests.xctest */;
			productType = "com.apple.product-type.bundle.unit-test";
		};
/* End PBXNativeTarget section */

/* Begin PBXProject section */
		9605C5B52101BF67004BD566 /* Project object */ = {
			isa = PBXProject;
			attributes = {
				LastSwiftUpdateCheck = 0940;
				LastUpgradeCheck = 0940;
				ORGANIZATIONNAME = Jason;
				TargetAttributes = {
					9605C5BC2101BF67004BD566 = {
						CreatedOnToolsVersion = 9.4.1;
						DevelopmentTeam = ARGK844GXV;
						LastSwiftMigration = 0940;
						ProvisioningStyle = Automatic;
					};
					9605C5D02101BF68004BD566 = {
						CreatedOnToolsVersion = 9.4.1;
						DevelopmentTeam = ARGK844GXV;
						ProvisioningStyle = Automatic;
						TestTargetID = 9605C5BC2101BF67004BD566;
					};
				};
			};
			buildConfigurationList = 9605C5B82101BF67004BD566 /* Build configuration list for PBXProject "SwiftProjects" */;
			compatibilityVersion = "Xcode 9.3";
			developmentRegion = en;
			hasScannedForEncodings = 0;
			knownRegions = (
				en,
				Base,
			);
			mainGroup = 9605C5B42101BF67004BD566;
			productRefGroup = 9605C5BE2101BF67004BD566 /* Products */;
			projectDirPath = "";
			projectRoot = "";
			targets = (
				9605C5BC2101BF67004BD566 /* SwiftProjects */,
				9605C5D02101BF68004BD566 /* SwiftProjectsTests */,
			);
		};
/* End PBXProject section */

/* Begin PBXResourcesBuildPhase section */
		9605C5BB2101BF67004BD566 /* Resources */ = {
			isa = PBXResourcesBuildPhase;
			buildActionMask = 2147483647;
			files = (
				9647AF1321F1ABFD005AF84E /* CenterCell.xib in Resources */,
				9605C5CB2101BF68004BD566 /* LaunchScreen.storyboard in Resources */,
				9647AF0121F1AAD0005AF84E /* huoying2.jpg in Resources */,
				9647AF0221F1AAD0005AF84E /* huoying16.jpg in Resources */,
				9647AF0C21F1AAD1005AF84E /* huoying13.png in Resources */,
				9647AF0421F1AAD0005AF84E /* huoying1.jpg in Resources */,
				96BE4A132106FD6C001AED2C /* Center.storyboard in Resources */,
				96A5B91021087D2A0039E81B /* BookCell.xib in Resources */,
				969E23F0215CBC1300F86409 /* ShortVideo.storyboard in Resources */,
				9647AEFD21F1AAD0005AF84E /* huoying9.jpg in Resources */,
				9647AEFF21F1AAD0005AF84E /* huoying17.jpg in Resources */,
				9647AF0621F1AAD0005AF84E /* huoying11.jpg in Resources */,
				9605C5C82101BF68004BD566 /* Assets.xcassets in Resources */,
				9647AF0021F1AAD0005AF84E /* huoying3.jpg in Resources */,
				9647AF0921F1AAD0005AF84E /* huoying10.jpg in Resources */,
				960DE798215A4E63007F7A5E /* PLShortVideoKit.bundle in Resources */,
				9647AF0A21F1AAD0005AF84E /* huoying12.jpg in Resources */,
				966628F1213FD34100820701 /* SecondCell.xib in Resources */,
				9647AF0521F1AAD0005AF84E /* huoying15.jpg in Resources */,
				9647AF0321F1AAD0005AF84E /* huoying14.jpg in Resources */,
				96044ECF2142623D00F29398 /* MovieCell.xib in Resources */,
				9605C6062101F01C004BD566 /* Second.storyboard in Resources */,
				9647AEFE21F1AAD0005AF84E /* huoying8.png in Resources */,
				9647AF0721F1AAD0005AF84E /* huoying5.jpg in Resources */,
				96F97B98215B3C81009E25B7 /* FilterView.xib in Resources */,
				9605C60A2101F055004BD566 /* Four.storyboard in Resources */,
				9647AF0821F1AAD0005AF84E /* huoying4.jpg in Resources */,
				96F97B9C215B3D4B009E25B7 /* FilterCell.xib in Resources */,
				9647AF0B21F1AAD0005AF84E /* huoying6.jpg in Resources */,
				9605C6082101F042004BD566 /* Third.storyboard in Resources */,
				9605C60C2101F381004BD566 /* Home.storyboard in Resources */,
				9647AF0D21F1AAD1005AF84E /* huoying7.jpg in Resources */,
			);
			runOnlyForDeploymentPostprocessing = 0;
		};
		9605C5CF2101BF68004BD566 /* Resources */ = {
			isa = PBXResourcesBuildPhase;
			buildActionMask = 2147483647;
			files = (
			);
			runOnlyForDeploymentPostprocessing = 0;
		};
/* End PBXResourcesBuildPhase section */

/* Begin PBXShellScriptBuildPhase section */
		00CC09D138E65CE30DC29AA1 /* [CP] Check Pods Manifest.lock */ = {
			isa = PBXShellScriptBuildPhase;
			buildActionMask = 2147483647;
			files = (
			);
			inputPaths = (
				"${PODS_PODFILE_DIR_PATH}/Podfile.lock",
				"${PODS_ROOT}/Manifest.lock",
			);
			name = "[CP] Check Pods Manifest.lock";
			outputPaths = (
				"$(DERIVED_FILE_DIR)/Pods-SwiftProjectsTests-checkManifestLockResult.txt",
			);
			runOnlyForDeploymentPostprocessing = 0;
			shellPath = /bin/sh;
			shellScript = "diff \"${PODS_PODFILE_DIR_PATH}/Podfile.lock\" \"${PODS_ROOT}/Manifest.lock\" > /dev/null\nif [ $? != 0 ] ; then\n    # print error to STDERR\n    echo \"error: The sandbox is not in sync with the Podfile.lock. Run 'pod install' or update your CocoaPods installation.\" >&2\n    exit 1\nfi\n# This output is used by Xcode 'outputs' to avoid re-running this script phase.\necho \"SUCCESS\" > \"${SCRIPT_OUTPUT_FILE_0}\"\n";
			showEnvVarsInLog = 0;
		};
		44470C4224BECD2C0954A4EE /* [CP] Check Pods Manifest.lock */ = {
			isa = PBXShellScriptBuildPhase;
			buildActionMask = 2147483647;
			files = (
			);
			inputPaths = (
				"${PODS_PODFILE_DIR_PATH}/Podfile.lock",
				"${PODS_ROOT}/Manifest.lock",
			);
			name = "[CP] Check Pods Manifest.lock";
			outputPaths = (
				"$(DERIVED_FILE_DIR)/Pods-SwiftProjects-checkManifestLockResult.txt",
			);
			runOnlyForDeploymentPostprocessing = 0;
			shellPath = /bin/sh;
			shellScript = "diff \"${PODS_PODFILE_DIR_PATH}/Podfile.lock\" \"${PODS_ROOT}/Manifest.lock\" > /dev/null\nif [ $? != 0 ] ; then\n    # print error to STDERR\n    echo \"error: The sandbox is not in sync with the Podfile.lock. Run 'pod install' or update your CocoaPods installation.\" >&2\n    exit 1\nfi\n# This output is used by Xcode 'outputs' to avoid re-running this script phase.\necho \"SUCCESS\" > \"${SCRIPT_OUTPUT_FILE_0}\"\n";
			showEnvVarsInLog = 0;
		};
		CB2C885F9A1576725130D223 /* [CP] Embed Pods Frameworks */ = {
			isa = PBXShellScriptBuildPhase;
			buildActionMask = 2147483647;
			files = (
			);
			inputPaths = (
				"${SRCROOT}/Pods/Target Support Files/Pods-SwiftProjects/Pods-SwiftProjects-frameworks.sh",
				"${BUILT_PRODUCTS_DIR}/AFNetworking/AFNetworking.framework",
				"${BUILT_PRODUCTS_DIR}/ChameleonFramework/ChameleonFramework.framework",
				"${BUILT_PRODUCTS_DIR}/ESPullToRefresh/ESPullToRefresh.framework",
				"${BUILT_PRODUCTS_DIR}/HandyJSON/HandyJSON.framework",
				"${BUILT_PRODUCTS_DIR}/HappyDNS/HappyDNS.framework",
				"${BUILT_PRODUCTS_DIR}/Kingfisher/Kingfisher.framework",
				"${BUILT_PRODUCTS_DIR}/ObjcExceptionBridging/ObjcExceptionBridging.framework",
				"${PODS_ROOT}/PLPlayerKit/Pod/Library/PLPlayerKit.framework",
				"${BUILT_PRODUCTS_DIR}/Qiniu/Qiniu.framework",
				"${BUILT_PRODUCTS_DIR}/RxCocoa/RxCocoa.framework",
				"${BUILT_PRODUCTS_DIR}/RxSwift/RxSwift.framework",
				"${BUILT_PRODUCTS_DIR}/SCLAlertView/SCLAlertView.framework",
				"${BUILT_PRODUCTS_DIR}/SVProgressHUD/SVProgressHUD.framework",
				"${BUILT_PRODUCTS_DIR}/SnapKit/SnapKit.framework",
				"${BUILT_PRODUCTS_DIR}/SwiftyBeaver/SwiftyBeaver.framework",
				"${BUILT_PRODUCTS_DIR}/Toast/Toast.framework",
				"${BUILT_PRODUCTS_DIR}/XCGLogger/XCGLogger.framework",
			);
			name = "[CP] Embed Pods Frameworks";
			outputPaths = (
				"${TARGET_BUILD_DIR}/${FRAMEWORKS_FOLDER_PATH}/AFNetworking.framework",
				"${TARGET_BUILD_DIR}/${FRAMEWORKS_FOLDER_PATH}/ChameleonFramework.framework",
				"${TARGET_BUILD_DIR}/${FRAMEWORKS_FOLDER_PATH}/ESPullToRefresh.framework",
				"${TARGET_BUILD_DIR}/${FRAMEWORKS_FOLDER_PATH}/HandyJSON.framework",
				"${TARGET_BUILD_DIR}/${FRAMEWORKS_FOLDER_PATH}/HappyDNS.framework",
				"${TARGET_BUILD_DIR}/${FRAMEWORKS_FOLDER_PATH}/Kingfisher.framework",
				"${TARGET_BUILD_DIR}/${FRAMEWORKS_FOLDER_PATH}/ObjcExceptionBridging.framework",
				"${TARGET_BUILD_DIR}/${FRAMEWORKS_FOLDER_PATH}/PLPlayerKit.framework",
				"${TARGET_BUILD_DIR}/${FRAMEWORKS_FOLDER_PATH}/Qiniu.framework",
				"${TARGET_BUILD_DIR}/${FRAMEWORKS_FOLDER_PATH}/RxCocoa.framework",
				"${TARGET_BUILD_DIR}/${FRAMEWORKS_FOLDER_PATH}/RxSwift.framework",
				"${TARGET_BUILD_DIR}/${FRAMEWORKS_FOLDER_PATH}/SCLAlertView.framework",
				"${TARGET_BUILD_DIR}/${FRAMEWORKS_FOLDER_PATH}/SVProgressHUD.framework",
				"${TARGET_BUILD_DIR}/${FRAMEWORKS_FOLDER_PATH}/SnapKit.framework",
				"${TARGET_BUILD_DIR}/${FRAMEWORKS_FOLDER_PATH}/SwiftyBeaver.framework",
				"${TARGET_BUILD_DIR}/${FRAMEWORKS_FOLDER_PATH}/Toast.framework",
				"${TARGET_BUILD_DIR}/${FRAMEWORKS_FOLDER_PATH}/XCGLogger.framework",
			);
			runOnlyForDeploymentPostprocessing = 0;
			shellPath = /bin/sh;
			shellScript = "\"${SRCROOT}/Pods/Target Support Files/Pods-SwiftProjects/Pods-SwiftProjects-frameworks.sh\"\n";
			showEnvVarsInLog = 0;
		};
/* End PBXShellScriptBuildPhase section */

/* Begin PBXSourcesBuildPhase section */
		9605C5B92101BF67004BD566 /* Sources */ = {
			isa = PBXSourcesBuildPhase;
			buildActionMask = 2147483647;
			files = (
				9605C5F92101E18F004BD566 /* SecondViewController.swift in Sources */,
				96E75F3621D35B86009C52CF /* TestViewController.swift in Sources */,
				96A5B908210870120039E81B /* LogCategory.m in Sources */,
				967E1C15214A73F3004C7EB3 /* MTRefreshFooterAnimator.swift in Sources */,
				960DE79C215A5B81007F7A5E /* PLSFilterGroup.swift in Sources */,
				96BE4A1821073C91001AED2C /* NetworkManager.swift in Sources */,
				96F97B9B215B3D4B009E25B7 /* FilterCell.swift in Sources */,
				96C400A221548F0900255225 /* MagicMoveAnimator.swift in Sources */,
				96A5B8FF210868010039E81B /* Book.swift in Sources */,
				96044EC92142604300F29398 /* MovieTableViewController.swift in Sources */,
				966628F6213FEB2C00820701 /* BaseViewController.swift in Sources */,
				9605C5FD2101E19D004BD566 /* FourViewController.swift in Sources */,
				96F97B96215B3BE7009E25B7 /* FilterView.swift in Sources */,
				9647AEEA21F1A3CF005AF84E /* WaterFlowLayout.swift in Sources */,
				9617D771214119E300FD1060 /* ShadowButton.swift in Sources */,
				960DE793215A4D69007F7A5E /* AppDelegate.swift in Sources */,
				96887E1A215256880019B39D /* ProtocolInstance.swift in Sources */,
				96A5B90C21087B230039E81B /* BookTableViewController.swift in Sources */,
				969E23F4215CF1CE00F86409 /* UIAlertExtension.swift in Sources */,
				966628F0213FD34100820701 /* SecondCell.swift in Sources */,
				96463A3B2150EEC6000726B2 /* LargeValueFormatter.swift in Sources */,
				967E1C11214A4535004C7EB3 /* Animation3ViewController.swift in Sources */,
				96044ED3214275B000F29398 /* MovieViewModel.swift in Sources */,
				9617D76D2140D7B000FD1060 /* Shadow.swift in Sources */,
				96887E18215255950019B39D /* ProtocolPracticeViewController.swift in Sources */,
				969E23F2215CBD0500F86409 /* EditVideoViewController.swift in Sources */,
				96BE4A152106FD7C001AED2C /* CenterViewController.swift in Sources */,
				960500722159EB8D004A32A1 /* ShortVideoViewController.swift in Sources */,
				9605C60E2101F67C004BD566 /* TabBar.swift in Sources */,
				969C46A421537530002818FD /* ProgressHub.swift in Sources */,
				96C400A82154ABFA00255225 /* EaseInAnimator.swift in Sources */,
				96EF7B90216DA64400CE3856 /* RxSwiftDemoViewController.swift in Sources */,
				9677B8D52149190800000E4C /* Animation2ViewController.swift in Sources */,
				96044ECE2142623D00F29398 /* MovieCell.swift in Sources */,
				96A5B90F21087D2A0039E81B /* BookCell.swift in Sources */,
				9617D76F2140E5FE00FD1060 /* ShadowView.swift in Sources */,
				96C51058214FAAD80033AF0F /* ChartsViewController.swift in Sources */,
				9617D77521411F0000FD1060 /* DesignableView.swift in Sources */,
				9605C6022101E373004BD566 /* MainTabBarController.swift in Sources */,
				966628FF213FF03200820701 /* RandomColor.swift in Sources */,
				9605C5FB2101E196004BD566 /* ThirdViewController.swift in Sources */,
				960DE795215A4D98007F7A5E /* PrefixHeader.swift in Sources */,
				96C3F3C521421BF500F5212B /* CustomViewController.swift in Sources */,
				96463A392150E966000726B2 /* DateValueFormatter.swift in Sources */,
				967E1C18214A77FA004C7EB3 /* Refresh.swift in Sources */,
				96C400AA2154CED300255225 /* Animator.swift in Sources */,
				96044ED1214267B900F29398 /* Movie.swift in Sources */,
				966628F4213FEA9200820701 /* Animation1ViewController.swift in Sources */,
				96A5B90A210870250039E81B /* Logger.swift in Sources */,
				966BE3AE216085870080E2D5 /* LoggerConfig.swift in Sources */,
				96887E1E2152707D0019B39D /* ViewControllerExtention.swift in Sources */,
				96C400A42154AAAD00255225 /* BaseAnimator.swift in Sources */,
				96463A3D2151018D000726B2 /* ChartMarker.swift in Sources */,
				967E1C16214A73F3004C7EB3 /* MTRefreshHeaderAnimator.swift in Sources */,
				966628F8213FECA700820701 /* Define.swift in Sources */,
				966628FD213FF00400820701 /* Position.swift in Sources */,
				96887E16215255780019B39D /* ProtocolPractice.swift in Sources */,
				9647AF1221F1ABFD005AF84E /* CenterCell.swift in Sources */,
				9605C5F72101E189004BD566 /* HomeViewController.swift in Sources */,
			);
			runOnlyForDeploymentPostprocessing = 0;
		};
		9605C5CD2101BF68004BD566 /* Sources */ = {
			isa = PBXSourcesBuildPhase;
			buildActionMask = 2147483647;
			files = (
				9605C5D62101BF68004BD566 /* SwiftProjectsTests.swift in Sources */,
			);
			runOnlyForDeploymentPostprocessing = 0;
		};
/* End PBXSourcesBuildPhase section */

/* Begin PBXTargetDependency section */
		9605C5D32101BF68004BD566 /* PBXTargetDependency */ = {
			isa = PBXTargetDependency;
			target = 9605C5BC2101BF67004BD566 /* SwiftProjects */;
			targetProxy = 9605C5D22101BF68004BD566 /* PBXContainerItemProxy */;
		};
/* End PBXTargetDependency section */

/* Begin PBXVariantGroup section */
		9605C5C92101BF68004BD566 /* LaunchScreen.storyboard */ = {
			isa = PBXVariantGroup;
			children = (
				9605C5CA2101BF68004BD566 /* Base */,
			);
			name = LaunchScreen.storyboard;
			sourceTree = "<group>";
		};
/* End PBXVariantGroup section */

/* Begin XCBuildConfiguration section */
		9605C5D82101BF68004BD566 /* Debug */ = {
			isa = XCBuildConfiguration;
			buildSettings = {
				ALWAYS_SEARCH_USER_PATHS = NO;
				CLANG_ANALYZER_NONNULL = YES;
				CLANG_ANALYZER_NUMBER_OBJECT_CONVERSION = YES_AGGRESSIVE;
				CLANG_CXX_LANGUAGE_STANDARD = "gnu++14";
				CLANG_CXX_LIBRARY = "libc++";
				CLANG_ENABLE_MODULES = YES;
				CLANG_ENABLE_OBJC_ARC = YES;
				CLANG_ENABLE_OBJC_WEAK = YES;
				CLANG_WARN_BLOCK_CAPTURE_AUTORELEASING = YES;
				CLANG_WARN_BOOL_CONVERSION = YES;
				CLANG_WARN_COMMA = YES;
				CLANG_WARN_CONSTANT_CONVERSION = YES;
				CLANG_WARN_DEPRECATED_OBJC_IMPLEMENTATIONS = YES;
				CLANG_WARN_DIRECT_OBJC_ISA_USAGE = YES_ERROR;
				CLANG_WARN_DOCUMENTATION_COMMENTS = YES;
				CLANG_WARN_EMPTY_BODY = YES;
				CLANG_WARN_ENUM_CONVERSION = YES;
				CLANG_WARN_INFINITE_RECURSION = YES;
				CLANG_WARN_INT_CONVERSION = YES;
				CLANG_WARN_NON_LITERAL_NULL_CONVERSION = YES;
				CLANG_WARN_OBJC_IMPLICIT_RETAIN_SELF = YES;
				CLANG_WARN_OBJC_LITERAL_CONVERSION = YES;
				CLANG_WARN_OBJC_ROOT_CLASS = YES_ERROR;
				CLANG_WARN_RANGE_LOOP_ANALYSIS = YES;
				CLANG_WARN_STRICT_PROTOTYPES = YES;
				CLANG_WARN_SUSPICIOUS_MOVE = YES;
				CLANG_WARN_UNGUARDED_AVAILABILITY = YES_AGGRESSIVE;
				CLANG_WARN_UNREACHABLE_CODE = YES;
				CLANG_WARN__DUPLICATE_METHOD_MATCH = YES;
				CODE_SIGN_IDENTITY = "iPhone Developer";
				COPY_PHASE_STRIP = NO;
				DEBUG_INFORMATION_FORMAT = dwarf;
				ENABLE_STRICT_OBJC_MSGSEND = YES;
				ENABLE_TESTABILITY = YES;
				GCC_C_LANGUAGE_STANDARD = gnu11;
				GCC_DYNAMIC_NO_PIC = NO;
				GCC_NO_COMMON_BLOCKS = YES;
				GCC_OPTIMIZATION_LEVEL = 0;
				GCC_PREPROCESSOR_DEFINITIONS = (
					"DEBUG=1",
					"$(inherited)",
				);
				GCC_WARN_64_TO_32_BIT_CONVERSION = YES;
				GCC_WARN_ABOUT_RETURN_TYPE = YES_ERROR;
				GCC_WARN_UNDECLARED_SELECTOR = YES;
				GCC_WARN_UNINITIALIZED_AUTOS = YES_AGGRESSIVE;
				GCC_WARN_UNUSED_FUNCTION = YES;
				GCC_WARN_UNUSED_VARIABLE = YES;
				IPHONEOS_DEPLOYMENT_TARGET = 11.4;
				MTL_ENABLE_DEBUG_INFO = YES;
				ONLY_ACTIVE_ARCH = YES;
				SDKROOT = iphoneos;
				SWIFT_ACTIVE_COMPILATION_CONDITIONS = DEBUG;
				SWIFT_OPTIMIZATION_LEVEL = "-Onone";
			};
			name = Debug;
		};
		9605C5D92101BF68004BD566 /* Release */ = {
			isa = XCBuildConfiguration;
			buildSettings = {
				ALWAYS_SEARCH_USER_PATHS = NO;
				CLANG_ANALYZER_NONNULL = YES;
				CLANG_ANALYZER_NUMBER_OBJECT_CONVERSION = YES_AGGRESSIVE;
				CLANG_CXX_LANGUAGE_STANDARD = "gnu++14";
				CLANG_CXX_LIBRARY = "libc++";
				CLANG_ENABLE_MODULES = YES;
				CLANG_ENABLE_OBJC_ARC = YES;
				CLANG_ENABLE_OBJC_WEAK = YES;
				CLANG_WARN_BLOCK_CAPTURE_AUTORELEASING = YES;
				CLANG_WARN_BOOL_CONVERSION = YES;
				CLANG_WARN_COMMA = YES;
				CLANG_WARN_CONSTANT_CONVERSION = YES;
				CLANG_WARN_DEPRECATED_OBJC_IMPLEMENTATIONS = YES;
				CLANG_WARN_DIRECT_OBJC_ISA_USAGE = YES_ERROR;
				CLANG_WARN_DOCUMENTATION_COMMENTS = YES;
				CLANG_WARN_EMPTY_BODY = YES;
				CLANG_WARN_ENUM_CONVERSION = YES;
				CLANG_WARN_INFINITE_RECURSION = YES;
				CLANG_WARN_INT_CONVERSION = YES;
				CLANG_WARN_NON_LITERAL_NULL_CONVERSION = YES;
				CLANG_WARN_OBJC_IMPLICIT_RETAIN_SELF = YES;
				CLANG_WARN_OBJC_LITERAL_CONVERSION = YES;
				CLANG_WARN_OBJC_ROOT_CLASS = YES_ERROR;
				CLANG_WARN_RANGE_LOOP_ANALYSIS = YES;
				CLANG_WARN_STRICT_PROTOTYPES = YES;
				CLANG_WARN_SUSPICIOUS_MOVE = YES;
				CLANG_WARN_UNGUARDED_AVAILABILITY = YES_AGGRESSIVE;
				CLANG_WARN_UNREACHABLE_CODE = YES;
				CLANG_WARN__DUPLICATE_METHOD_MATCH = YES;
				CODE_SIGN_IDENTITY = "iPhone Developer";
				COPY_PHASE_STRIP = NO;
				DEBUG_INFORMATION_FORMAT = "dwarf-with-dsym";
				ENABLE_NS_ASSERTIONS = NO;
				ENABLE_STRICT_OBJC_MSGSEND = YES;
				GCC_C_LANGUAGE_STANDARD = gnu11;
				GCC_NO_COMMON_BLOCKS = YES;
				GCC_WARN_64_TO_32_BIT_CONVERSION = YES;
				GCC_WARN_ABOUT_RETURN_TYPE = YES_ERROR;
				GCC_WARN_UNDECLARED_SELECTOR = YES;
				GCC_WARN_UNINITIALIZED_AUTOS = YES_AGGRESSIVE;
				GCC_WARN_UNUSED_FUNCTION = YES;
				GCC_WARN_UNUSED_VARIABLE = YES;
				IPHONEOS_DEPLOYMENT_TARGET = 11.4;
				MTL_ENABLE_DEBUG_INFO = NO;
				SDKROOT = iphoneos;
				SWIFT_COMPILATION_MODE = wholemodule;
				SWIFT_OPTIMIZATION_LEVEL = "-O";
				VALIDATE_PRODUCT = YES;
			};
			name = Release;
		};
		9605C5DB2101BF68004BD566 /* Debug */ = {
			isa = XCBuildConfiguration;
			baseConfigurationReference = EB42F02FF7E074EA56D4556F /* Pods-SwiftProjects.debug.xcconfig */;
			buildSettings = {
				ASSETCATALOG_COMPILER_APPICON_NAME = AppIcon;
				CLANG_ENABLE_MODULES = YES;
				CODE_SIGN_STYLE = Automatic;
				DEVELOPMENT_TEAM = ARGK844GXV;
				ENABLE_BITCODE = NO;
				INFOPLIST_FILE = SwiftProjects/Info.plist;
				IPHONEOS_DEPLOYMENT_TARGET = 11.0;
				LD_RUNPATH_SEARCH_PATHS = (
					"$(inherited)",
					"@executable_path/Frameworks",
				);
				PRODUCT_BUNDLE_IDENTIFIER = com.silknets.SwiftProjects;
				PRODUCT_NAME = "$(TARGET_NAME)";
				SWIFT_OBJC_BRIDGING_HEADER = "SwiftProjects/Untils/LogChinease/SwiftProjects-Bridging-Header.h";
				SWIFT_OPTIMIZATION_LEVEL = "-Onone";
				SWIFT_VERSION = 4.0;
				TARGETED_DEVICE_FAMILY = "1,2";
			};
			name = Debug;
		};
		9605C5DC2101BF68004BD566 /* Release */ = {
			isa = XCBuildConfiguration;
			baseConfigurationReference = 0696419B1E328AA1A181EA95 /* Pods-SwiftProjects.release.xcconfig */;
			buildSettings = {
				ASSETCATALOG_COMPILER_APPICON_NAME = AppIcon;
				CLANG_ENABLE_MODULES = YES;
				CODE_SIGN_STYLE = Automatic;
				DEVELOPMENT_TEAM = ARGK844GXV;
				ENABLE_BITCODE = NO;
				INFOPLIST_FILE = SwiftProjects/Info.plist;
				IPHONEOS_DEPLOYMENT_TARGET = 11.0;
				LD_RUNPATH_SEARCH_PATHS = (
					"$(inherited)",
					"@executable_path/Frameworks",
				);
				PRODUCT_BUNDLE_IDENTIFIER = com.silknets.SwiftProjects;
				PRODUCT_NAME = "$(TARGET_NAME)";
				SWIFT_OBJC_BRIDGING_HEADER = "SwiftProjects/Untils/LogChinease/SwiftProjects-Bridging-Header.h";
				SWIFT_VERSION = 4.0;
				TARGETED_DEVICE_FAMILY = "1,2";
			};
			name = Release;
		};
		9605C5DE2101BF68004BD566 /* Debug */ = {
			isa = XCBuildConfiguration;
			baseConfigurationReference = CDCAC8CBBB578F5D11DF92B1 /* Pods-SwiftProjectsTests.debug.xcconfig */;
			buildSettings = {
				ALWAYS_EMBED_SWIFT_STANDARD_LIBRARIES = YES;
				BUNDLE_LOADER = "$(TEST_HOST)";
				CODE_SIGN_STYLE = Automatic;
				DEVELOPMENT_TEAM = ARGK844GXV;
				INFOPLIST_FILE = SwiftProjectsTests/Info.plist;
				LD_RUNPATH_SEARCH_PATHS = (
					"$(inherited)",
					"@executable_path/Frameworks",
					"@loader_path/Frameworks",
				);
				PRODUCT_BUNDLE_IDENTIFIER = com.silknets.SwiftProjectsTests;
				PRODUCT_NAME = "$(TARGET_NAME)";
				SWIFT_VERSION = 4.0;
				TARGETED_DEVICE_FAMILY = "1,2";
				TEST_HOST = "$(BUILT_PRODUCTS_DIR)/SwiftProjects.app/SwiftProjects";
			};
			name = Debug;
		};
		9605C5DF2101BF68004BD566 /* Release */ = {
			isa = XCBuildConfiguration;
			baseConfigurationReference = 7C188B46C0AF99A6C9803F5B /* Pods-SwiftProjectsTests.release.xcconfig */;
			buildSettings = {
				ALWAYS_EMBED_SWIFT_STANDARD_LIBRARIES = YES;
				BUNDLE_LOADER = "$(TEST_HOST)";
				CODE_SIGN_STYLE = Automatic;
				DEVELOPMENT_TEAM = ARGK844GXV;
				INFOPLIST_FILE = SwiftProjectsTests/Info.plist;
				LD_RUNPATH_SEARCH_PATHS = (
					"$(inherited)",
					"@executable_path/Frameworks",
					"@loader_path/Frameworks",
				);
				PRODUCT_BUNDLE_IDENTIFIER = com.silknets.SwiftProjectsTests;
				PRODUCT_NAME = "$(TARGET_NAME)";
				SWIFT_VERSION = 4.0;
				TARGETED_DEVICE_FAMILY = "1,2";
				TEST_HOST = "$(BUILT_PRODUCTS_DIR)/SwiftProjects.app/SwiftProjects";
			};
			name = Release;
		};
/* End XCBuildConfiguration section */

/* Begin XCConfigurationList section */
		9605C5B82101BF67004BD566 /* Build configuration list for PBXProject "SwiftProjects" */ = {
			isa = XCConfigurationList;
			buildConfigurations = (
				9605C5D82101BF68004BD566 /* Debug */,
				9605C5D92101BF68004BD566 /* Release */,
			);
			defaultConfigurationIsVisible = 0;
			defaultConfigurationName = Release;
		};
		9605C5DA2101BF68004BD566 /* Build configuration list for PBXNativeTarget "SwiftProjects" */ = {
			isa = XCConfigurationList;
			buildConfigurations = (
				9605C5DB2101BF68004BD566 /* Debug */,
				9605C5DC2101BF68004BD566 /* Release */,
			);
			defaultConfigurationIsVisible = 0;
			defaultConfigurationName = Release;
		};
		9605C5DD2101BF68004BD566 /* Build configuration list for PBXNativeTarget "SwiftProjectsTests" */ = {
			isa = XCConfigurationList;
			buildConfigurations = (
				9605C5DE2101BF68004BD566 /* Debug */,
				9605C5DF2101BF68004BD566 /* Release */,
			);
			defaultConfigurationIsVisible = 0;
			defaultConfigurationName = Release;
		};
/* End XCConfigurationList section */
	};
	rootObject = 9605C5B52101BF67004BD566 /* Project object */;
}
